// !$*UTF8*$!
{
	archiveVersion = 1;
	classes = {
	};
	objectVersion = 50;
	objects = {

/* Begin PBXBuildFile section */
		07229EB6E154872AD0A76449 /* Pods_CarShare.framework in Frameworks */ = {isa = PBXBuildFile; fileRef = A02BC281C683234578B3BF7B /* Pods_CarShare.framework */; };
		94FCFB4427716CA2005EE535 /* AppDelegate.swift in Sources */ = {isa = PBXBuildFile; fileRef = 94FCFB4327716CA2005EE535 /* AppDelegate.swift */; };
		94FCFB4627716CA2005EE535 /* SceneDelegate.swift in Sources */ = {isa = PBXBuildFile; fileRef = 94FCFB4527716CA2005EE535 /* SceneDelegate.swift */; };
		94FCFB4827716CA2005EE535 /* ViewController.swift in Sources */ = {isa = PBXBuildFile; fileRef = 94FCFB4727716CA2005EE535 /* ViewController.swift */; };
		94FCFB4B27716CA2005EE535 /* Main.storyboard in Resources */ = {isa = PBXBuildFile; fileRef = 94FCFB4927716CA2005EE535 /* Main.storyboard */; };
		94FCFB4D27716CA3005EE535 /* Assets.xcassets in Resources */ = {isa = PBXBuildFile; fileRef = 94FCFB4C27716CA3005EE535 /* Assets.xcassets */; };
		94FCFB5027716CA3005EE535 /* LaunchScreen.storyboard in Resources */ = {isa = PBXBuildFile; fileRef = 94FCFB4E27716CA3005EE535 /* LaunchScreen.storyboard */; };
/* End PBXBuildFile section */

/* Begin PBXFileReference section */
		94FCFB4027716CA2005EE535 /* CarShare.app */ = {isa = PBXFileReference; explicitFileType = wrapper.application; includeInIndex = 0; path = CarShare.app; sourceTree = BUILT_PRODUCTS_DIR; };
		94FCFB4327716CA2005EE535 /* AppDelegate.swift */ = {isa = PBXFileReference; lastKnownFileType = sourcecode.swift; path = AppDelegate.swift; sourceTree = "<group>"; };
		94FCFB4527716CA2005EE535 /* SceneDelegate.swift */ = {isa = PBXFileReference; lastKnownFileType = sourcecode.swift; path = SceneDelegate.swift; sourceTree = "<group>"; };
		94FCFB4727716CA2005EE535 /* ViewController.swift */ = {isa = PBXFileReference; lastKnownFileType = sourcecode.swift; path = ViewController.swift; sourceTree = "<group>"; };
		94FCFB4A27716CA2005EE535 /* Base */ = {isa = PBXFileReference; lastKnownFileType = file.storyboard; name = Base; path = Base.lproj/Main.storyboard; sourceTree = "<group>"; };
		94FCFB4C27716CA3005EE535 /* Assets.xcassets */ = {isa = PBXFileReference; lastKnownFileType = folder.assetcatalog; path = Assets.xcassets; sourceTree = "<group>"; };
		94FCFB4F27716CA3005EE535 /* Base */ = {isa = PBXFileReference; lastKnownFileType = file.storyboard; name = Base; path = Base.lproj/LaunchScreen.storyboard; sourceTree = "<group>"; };
		94FCFB5127716CA3005EE535 /* Info.plist */ = {isa = PBXFileReference; lastKnownFileType = text.plist.xml; path = Info.plist; sourceTree = "<group>"; };
		9A465605E40E61FEEBB0C693 /* Pods-CarShare.debug.xcconfig */ = {isa = PBXFileReference; includeInIndex = 1; lastKnownFileType = text.xcconfig; name = "Pods-CarShare.debug.xcconfig"; path = "Target Support Files/Pods-CarShare/Pods-CarShare.debug.xcconfig"; sourceTree = "<group>"; };
		A02BC281C683234578B3BF7B /* Pods_CarShare.framework */ = {isa = PBXFileReference; explicitFileType = wrapper.framework; includeInIndex = 0; path = Pods_CarShare.framework; sourceTree = BUILT_PRODUCTS_DIR; };
		B2DD11C760B54B462F0F20F0 /* Pods-CarShare.release.xcconfig */ = {isa = PBXFileReference; includeInIndex = 1; lastKnownFileType = text.xcconfig; name = "Pods-CarShare.release.xcconfig"; path = "Target Support Files/Pods-CarShare/Pods-CarShare.release.xcconfig"; sourceTree = "<group>"; };
/* End PBXFileReference section */

/* Begin PBXFrameworksBuildPhase section */
		94FCFB3D27716CA2005EE535 /* Frameworks */ = {
			isa = PBXFrameworksBuildPhase;
			buildActionMask = 2147483647;
			files = (
				07229EB6E154872AD0A76449 /* Pods_CarShare.framework in Frameworks */,
			);
			runOnlyForDeploymentPostprocessing = 0;
		};
/* End PBXFrameworksBuildPhase section */

/* Begin PBXGroup section */
		67194C7358D8D61F474C3189 /* Pods */ = {
			isa = PBXGroup;
			children = (
				9A465605E40E61FEEBB0C693 /* Pods-CarShare.debug.xcconfig */,
				B2DD11C760B54B462F0F20F0 /* Pods-CarShare.release.xcconfig */,
			);
			name = Pods;
			path = Pods;
			sourceTree = "<group>";
		};
		94FCFB3727716CA2005EE535 = {
			isa = PBXGroup;
			children = (
				94FCFB4227716CA2005EE535 /* CarShare */,
				94FCFB4127716CA2005EE535 /* Products */,
				67194C7358D8D61F474C3189 /* Pods */,
				EA9BF712A35391AFA8D574EA /* Frameworks */,
			);
			sourceTree = "<group>";
		};
		94FCFB4127716CA2005EE535 /* Products */ = {
			isa = PBXGroup;
			children = (
				94FCFB4027716CA2005EE535 /* CarShare.app */,
			);
			name = Products;
			sourceTree = "<group>";
		};
		94FCFB4227716CA2005EE535 /* CarShare */ = {
			isa = PBXGroup;
			children = (
				94FCFB4327716CA2005EE535 /* AppDelegate.swift */,
				94FCFB4527716CA2005EE535 /* SceneDelegate.swift */,
				94FCFB4727716CA2005EE535 /* ViewController.swift */,
				94FCFB4927716CA2005EE535 /* Main.storyboard */,
				94FCFB4C27716CA3005EE535 /* Assets.xcassets */,
				94FCFB4E27716CA3005EE535 /* LaunchScreen.storyboard */,
				94FCFB5127716CA3005EE535 /* Info.plist */,
			);
			path = CarShare;
			sourceTree = "<group>";
		};
		EA9BF712A35391AFA8D574EA /* Frameworks */ = {
			isa = PBXGroup;
			children = (
				A02BC281C683234578B3BF7B /* Pods_CarShare.framework */,
			);
			name = Frameworks;
			sourceTree = "<group>";
		};
/* End PBXGroup section */

/* Begin PBXNativeTarget section */
		94FCFB3F27716CA2005EE535 /* CarShare */ = {
			isa = PBXNativeTarget;
			buildConfigurationList = 94FCFB5427716CA3005EE535 /* Build configuration list for PBXNativeTarget "CarShare" */;
			buildPhases = (
				6B3886B085C1F1FD4FACC785 /* [CP] Check Pods Manifest.lock */,
				94FCFB3C27716CA2005EE535 /* Sources */,
				94FCFB3D27716CA2005EE535 /* Frameworks */,
				94FCFB3E27716CA2005EE535 /* Resources */,
				BC08E6CAF9F22713462B9FDC /* [CP] Embed Pods Frameworks */,
			);
			buildRules = (
			);
			dependencies = (
			);
			name = CarShare;
			productName = CarShare;
			productReference = 94FCFB4027716CA2005EE535 /* CarShare.app */;
			productType = "com.apple.product-type.application";
		};
/* End PBXNativeTarget section */

/* Begin PBXProject section */
		94FCFB3827716CA2005EE535 /* Project object */ = {
			isa = PBXProject;
			attributes = {
				LastSwiftUpdateCheck = 1250;
				LastUpgradeCheck = 1250;
				TargetAttributes = {
					94FCFB3F27716CA2005EE535 = {
						CreatedOnToolsVersion = 12.5;
					};
				};
			};
			buildConfigurationList = 94FCFB3B27716CA2005EE535 /* Build configuration list for PBXProject "CarShare" */;
			compatibilityVersion = "Xcode 9.3";
			developmentRegion = en;
			hasScannedForEncodings = 0;
			knownRegions = (
				en,
				Base,
			);
			mainGroup = 94FCFB3727716CA2005EE535;
			productRefGroup = 94FCFB4127716CA2005EE535 /* Products */;
			projectDirPath = "";
			projectRoot = "";
			targets = (
				94FCFB3F27716CA2005EE535 /* CarShare */,
			);
		};
/* End PBXProject section */

/* Begin PBXResourcesBuildPhase section */
		94FCFB3E27716CA2005EE535 /* Resources */ = {
			isa = PBXResourcesBuildPhase;
			buildActionMask = 2147483647;
			files = (
				94FCFB5027716CA3005EE535 /* LaunchScreen.storyboard in Resources */,
				94FCFB4D27716CA3005EE535 /* Assets.xcassets in Resources */,
				94FCFB4B27716CA2005EE535 /* Main.storyboard in Resources */,
			);
			runOnlyForDeploymentPostprocessing = 0;
		};
/* End PBXResourcesBuildPhase section */

/* Begin PBXShellScriptBuildPhase section */
		6B3886B085C1F1FD4FACC785 /* [CP] Check Pods Manifest.lock */ = {
			isa = PBXShellScriptBuildPhase;
			buildActionMask = 2147483647;
			files = (
			);
			inputFileListPaths = (
			);
			inputPaths = (
				"${PODS_PODFILE_DIR_PATH}/Podfile.lock",
				"${PODS_ROOT}/Manifest.lock",
			);
			name = "[CP] Check Pods Manifest.lock";
			outputFileListPaths = (
			);
			outputPaths = (
				"$(DERIVED_FILE_DIR)/Pods-CarShare-checkManifestLockResult.txt",
			);
			runOnlyForDeploymentPostprocessing = 0;
			shellPath = /bin/sh;
			shellScript = "diff \"${PODS_PODFILE_DIR_PATH}/Podfile.lock\" \"${PODS_ROOT}/Manifest.lock\" > /dev/null\nif [ $? != 0 ] ; then\n    # print error to STDERR\n    echo \"error: The sandbox is not in sync with the Podfile.lock. Run 'pod install' or update your CocoaPods installation.\" >&2\n    exit 1\nfi\n# This output is used by Xcode 'outputs' to avoid re-running this script phase.\necho \"SUCCESS\" > \"${SCRIPT_OUTPUT_FILE_0}\"\n";
			showEnvVarsInLog = 0;
		};
		BC08E6CAF9F22713462B9FDC /* [CP] Embed Pods Frameworks */ = {
			isa = PBXShellScriptBuildPhase;
			buildActionMask = 2147483647;
			files = (
			);
			inputFileListPaths = (
				"${PODS_ROOT}/Target Support Files/Pods-CarShare/Pods-CarShare-frameworks-${CONFIGURATION}-input-files.xcfilelist",
			);
			name = "[CP] Embed Pods Frameworks";
			outputFileListPaths = (
				"${PODS_ROOT}/Target Support Files/Pods-CarShare/Pods-CarShare-frameworks-${CONFIGURATION}-output-files.xcfilelist",
			);
			runOnlyForDeploymentPostprocessing = 0;
			shellPath = /bin/sh;
			shellScript = "\"${PODS_ROOT}/Target Support Files/Pods-CarShare/Pods-CarShare-frameworks.sh\"\n";
			showEnvVarsInLog = 0;
		};
/* End PBXShellScriptBuildPhase section */

/* Begin PBXSourcesBuildPhase section */
		94FCFB3C27716CA2005EE535 /* Sources */ = {
			isa = PBXSourcesBuildPhase;
			buildActionMask = 2147483647;
			files = (
				94FCFB4827716CA2005EE535 /* ViewController.swift in Sources */,
				94FCFB4427716CA2005EE535 /* AppDelegate.swift in Sources */,
				94FCFB4627716CA2005EE535 /* SceneDelegate.swift in Sources */,
			);
			runOnlyForDeploymentPostprocessing = 0;
		};
/* End PBXSourcesBuildPhase section */

/* Begin PBXVariantGroup section */
		94FCFB4927716CA2005EE535 /* Main.storyboard */ = {
			isa = PBXVariantGroup;
			children = (
				94FCFB4A27716CA2005EE535 /* Base */,
			);
			name = Main.storyboard;
			sourceTree = "<group>";
		};
		94FCFB4E27716CA3005EE535 /* LaunchScreen.storyboard */ = {
			isa = PBXVariantGroup;
			children = (
				94FCFB4F27716CA3005EE535 /* Base */,
			);
			name = LaunchScreen.storyboard;
			sourceTree = "<group>";
		};
/* End PBXVariantGroup section */

/* Begin XCBuildConfiguration section */
		94FCFB5227716CA3005EE535 /* Debug */ = {
			isa = XCBuildConfiguration;
			buildSettings = {
				ALWAYS_SEARCH_USER_PATHS = NO;
				CLANG_ANALYZER_NONNULL = YES;
				CLANG_ANALYZER_NUMBER_OBJECT_CONVERSION = YES_AGGRESSIVE;
				CLANG_CXX_LANGUAGE_STANDARD = "gnu++14";
				CLANG_CXX_LIBRARY = "libc++";
				CLANG_ENABLE_MODULES = YES;
				CLANG_ENABLE_OBJC_ARC = YES;
				CLANG_ENABLE_OBJC_WEAK = YES;
				CLANG_WARN_BLOCK_CAPTURE_AUTORELEASING = YES;
				CLANG_WARN_BOOL_CONVERSION = YES;
				CLANG_WARN_COMMA = YES;
				CLANG_WARN_CONSTANT_CONVERSION = YES;
				CLANG_WARN_DEPRECATED_OBJC_IMPLEMENTATIONS = YES;
				CLANG_WARN_DIRECT_OBJC_ISA_USAGE = YES_ERROR;
				CLANG_WARN_DOCUMENTATION_COMMENTS = YES;
				CLANG_WARN_EMPTY_BODY = YES;
				CLANG_WARN_ENUM_CONVERSION = YES;
				CLANG_WARN_INFINITE_RECURSION = YES;
				CLANG_WARN_INT_CONVERSION = YES;
				CLANG_WARN_NON_LITERAL_NULL_CONVERSION = YES;
				CLANG_WARN_OBJC_IMPLICIT_RETAIN_SELF = YES;
				CLANG_WARN_OBJC_LITERAL_CONVERSION = YES;
				CLANG_WARN_OBJC_ROOT_CLASS = YES_ERROR;
				CLANG_WARN_QUOTED_INCLUDE_IN_FRAMEWORK_HEADER = YES;
				CLANG_WARN_RANGE_LOOP_ANALYSIS = YES;
				CLANG_WARN_STRICT_PROTOTYPES = YES;
				CLANG_WARN_SUSPICIOUS_MOVE = YES;
				CLANG_WARN_UNGUARDED_AVAILABILITY = YES_AGGRESSIVE;
				CLANG_WARN_UNREACHABLE_CODE = YES;
				CLANG_WARN__DUPLICATE_METHOD_MATCH = YES;
				COPY_PHASE_STRIP = NO;
				DEBUG_INFORMATION_FORMAT = dwarf;
				ENABLE_STRICT_OBJC_MSGSEND = YES;
				ENABLE_TESTABILITY = YES;
				GCC_C_LANGUAGE_STANDARD = gnu11;
				GCC_DYNAMIC_NO_PIC = NO;
				GCC_NO_COMMON_BLOCKS = YES;
				GCC_OPTIMIZATION_LEVEL = 0;
				GCC_PREPROCESSOR_DEFINITIONS = (
					"DEBUG=1",
					"$(inherited)",
				);
				GCC_WARN_64_TO_32_BIT_CONVERSION = YES;
				GCC_WARN_ABOUT_RETURN_TYPE = YES_ERROR;
				GCC_WARN_UNDECLARED_SELECTOR = YES;
				GCC_WARN_UNINITIALIZED_AUTOS = YES_AGGRESSIVE;
				GCC_WARN_UNUSED_FUNCTION = YES;
				GCC_WARN_UNUSED_VARIABLE = YES;
				IPHONEOS_DEPLOYMENT_TARGET = 14.5;
				MTL_ENABLE_DEBUG_INFO = INCLUDE_SOURCE;
				MTL_FAST_MATH = YES;
				ONLY_ACTIVE_ARCH = YES;
				SDKROOT = iphoneos;
				SWIFT_ACTIVE_COMPILATION_CONDITIONS = DEBUG;
				SWIFT_OPTIMIZATION_LEVEL = "-Onone";
			};
			name = Debug;
		};
		94FCFB5327716CA3005EE535 /* Release */ = {
			isa = XCBuildConfiguration;
			buildSettings = {
				ALWAYS_SEARCH_USER_PATHS = NO;
				CLANG_ANALYZER_NONNULL = YES;
				CLANG_ANALYZER_NUMBER_OBJECT_CONVERSION = YES_AGGRESSIVE;
				CLANG_CXX_LANGUAGE_STANDARD = "gnu++14";
				CLANG_CXX_LIBRARY = "libc++";
				CLANG_ENABLE_MODULES = YES;
				CLANG_ENABLE_OBJC_ARC = YES;
				CLANG_ENABLE_OBJC_WEAK = YES;
				CLANG_WARN_BLOCK_CAPTURE_AUTORELEASING = YES;
				CLANG_WARN_BOOL_CONVERSION = YES;
				CLANG_WARN_COMMA = YES;
				CLANG_WARN_CONSTANT_CONVERSION = YES;
				CLANG_WARN_DEPRECATED_OBJC_IMPLEMENTATIONS = YES;
				CLANG_WARN_DIRECT_OBJC_ISA_USAGE = YES_ERROR;
				CLANG_WARN_DOCUMENTATION_COMMENTS = YES;
				CLANG_WARN_EMPTY_BODY = YES;
				CLANG_WARN_ENUM_CONVERSION = YES;
				CLANG_WARN_INFINITE_RECURSION = YES;
				CLANG_WARN_INT_CONVERSION = YES;
				CLANG_WARN_NON_LITERAL_NULL_CONVERSION = YES;
				CLANG_WARN_OBJC_IMPLICIT_RETAIN_SELF = YES;
				CLANG_WARN_OBJC_LITERAL_CONVERSION = YES;
				CLANG_WARN_OBJC_ROOT_CLASS = YES_ERROR;
				CLANG_WARN_QUOTED_INCLUDE_IN_FRAMEWORK_HEADER = YES;
				CLANG_WARN_RANGE_LOOP_ANALYSIS = YES;
				CLANG_WARN_STRICT_PROTOTYPES = YES;
				CLANG_WARN_SUSPICIOUS_MOVE = YES;
				CLANG_WARN_UNGUARDED_AVAILABILITY = YES_AGGRESSIVE;
				CLANG_WARN_UNREACHABLE_CODE = YES;
				CLANG_WARN__DUPLICATE_METHOD_MATCH = YES;
				COPY_PHASE_STRIP = NO;
				DEBUG_INFORMATION_FORMAT = "dwarf-with-dsym";
				ENABLE_NS_ASSERTIONS = NO;
				ENABLE_STRICT_OBJC_MSGSEND = YES;
				GCC_C_LANGUAGE_STANDARD = gnu11;
				GCC_NO_COMMON_BLOCKS = YES;
				GCC_WARN_64_TO_32_BIT_CONVERSION = YES;
				GCC_WARN_ABOUT_RETURN_TYPE = YES_ERROR;
				GCC_WARN_UNDECLARED_SELECTOR = YES;
				GCC_WARN_UNINITIALIZED_AUTOS = YES_AGGRESSIVE;
				GCC_WARN_UNUSED_FUNCTION = YES;
				GCC_WARN_UNUSED_VARIABLE = YES;
				IPHONEOS_DEPLOYMENT_TARGET = 14.5;
				MTL_ENABLE_DEBUG_INFO = NO;
				MTL_FAST_MATH = YES;
				SDKROOT = iphoneos;
				SWIFT_COMPILATION_MODE = wholemodule;
				SWIFT_OPTIMIZATION_LEVEL = "-O";
				VALIDATE_PRODUCT = YES;
			};
			name = Release;
		};
		94FCFB5527716CA3005EE535 /* Debug */ = {
			isa = XCBuildConfiguration;
			baseConfigurationReference = 9A465605E40E61FEEBB0C693 /* Pods-CarShare.debug.xcconfig */;
			buildSettings = {
				ASSETCATALOG_COMPILER_APPICON_NAME = AppIcon;
				ASSETCATALOG_COMPILER_GLOBAL_ACCENT_COLOR_NAME = AccentColor;
				CODE_SIGN_STYLE = Automatic;
				INFOPLIST_FILE = CarShare/Info.plist;
				LD_RUNPATH_SEARCH_PATHS = (
					"$(inherited)",
					"@executable_path/Frameworks",
				);
				PRODUCT_BUNDLE_IDENTIFIER = com.demo.CarShare;
				PRODUCT_NAME = "$(TARGET_NAME)";
				SWIFT_VERSION = 5.0;
				TARGETED_DEVICE_FAMILY = "1,2";
			};
			name = Debug;
		};
		94FCFB5627716CA3005EE535 /* Release */ = {
			isa = XCBuildConfiguration;
			baseConfigurationReference = B2DD11C760B54B462F0F20F0 /* Pods-CarShare.release.xcconfig */;
			buildSettings = {
				ASSETCATALOG_COMPILER_APPICON_NAME = AppIcon;
				ASSETCATALOG_COMPILER_GLOBAL_ACCENT_COLOR_NAME = AccentColor;
				CODE_SIGN_STYLE = Automatic;
				INFOPLIST_FILE = CarShare/Info.plist;
				LD_RUNPATH_SEARCH_PATHS = (
					"$(inherited)",
					"@executable_path/Frameworks",
				);
				PRODUCT_BUNDLE_IDENTIFIER = com.demo.CarShare;
				PRODUCT_NAME = "$(TARGET_NAME)";
				SWIFT_VERSION = 5.0;
				TARGETED_DEVICE_FAMILY = "1,2";
			};
			name = Release;
		};
/* End XCBuildConfiguration section */

/* Begin XCConfigurationList section */
		94FCFB3B27716CA2005EE535 /* Build configuration list for PBXProject "CarShare" */ = {
			isa = XCConfigurationList;
			buildConfigurations = (
				94FCFB5227716CA3005EE535 /* Debug */,
				94FCFB5327716CA3005EE535 /* Release */,
			);
			defaultConfigurationIsVisible = 0;
			defaultConfigurationName = Release;
		};
		94FCFB5427716CA3005EE535 /* Build configuration list for PBXNativeTarget "CarShare" */ = {
			isa = XCConfigurationList;
			buildConfigurations = (
				94FCFB5527716CA3005EE535 /* Debug */,
				94FCFB5627716CA3005EE535 /* Release */,
			);
			defaultConfigurationIsVisible = 0;
			defaultConfigurationName = Release;
		};
/* End XCConfigurationList section */
	};
	rootObject = 94FCFB3827716CA2005EE535 /* Project object */;
}
